
Microsoft Visual Studio Solution File, Format Version 12.00
# Visual Studio Version 16
VisualStudioVersion = 16.0.30907.101
MinimumVisualStudioVersion = 10.0.40219.1
Project("{9A19103F-16F7-4668-BE54-9A1E7A4F7556}") = "TicTacToe", "TicTacToe.csproj", "{B6C5473C-BEED-43B0-B615-9B8BB4228A27}"
EndProject
Project("{FAE04EC0-301F-11D3-BF4B-00C04F79EFBC}") = "RestClientSdkLibrary", "..\RestClientSdkLibrary\RestClientSdkLibrary.csproj", "{22038A07-013D-4F52-8374-3D18ABB06F69}"
EndProject
Project("{FAE04EC0-301F-11D3-BF4B-00C04F79EFBC}") = "FunctionalTestProject", "..\FunctionalTestProject\FunctionalTestProject.csproj", "{0F8EB62E-FEF3-4A2A-921B-464AE4D228A6}"
EndProject
Global
	GlobalSection(SolutionConfigurationPlatforms) = preSolution
		Debug|Any CPU = Debug|Any CPU
		Release|Any CPU = Release|Any CPU
	EndGlobalSection
	GlobalSection(ProjectConfigurationPlatforms) = postSolution
		{B6C5473C-BEED-43B0-B615-9B8BB4228A27}.Debug|Any CPU.ActiveCfg = Debug|Any CPU
		{B6C5473C-BEED-43B0-B615-9B8BB4228A27}.Debug|Any CPU.Build.0 = Debug|Any CPU
		{B6C5473C-BEED-43B0-B615-9B8BB4228A27}.Release|Any CPU.ActiveCfg = Release|Any CPU
		{B6C5473C-BEED-43B0-B615-9B8BB4228A27}.Release|Any CPU.Build.0 = Release|Any CPU
		{22038A07-013D-4F52-8374-3D18ABB06F69}.Debug|Any CPU.ActiveCfg = Debug|Any CPU
		{22038A07-013D-4F52-8374-3D18ABB06F69}.Debug|Any CPU.Build.0 = Debug|Any CPU
		{22038A07-013D-4F52-8374-3D18ABB06F69}.Release|Any CPU.ActiveCfg = Release|Any CPU
		{22038A07-013D-4F52-8374-3D18ABB06F69}.Release|Any CPU.Build.0 = Release|Any CPU
		{0F8EB62E-FEF3-4A2A-921B-464AE4D228A6}.Debug|Any CPU.ActiveCfg = Debug|Any CPU
		{0F8EB62E-FEF3-4A2A-921B-464AE4D228A6}.Debug|Any CPU.Build.0 = Debug|Any CPU
		{0F8EB62E-FEF3-4A2A-921B-464AE4D228A6}.Release|Any CPU.ActiveCfg = Release|Any CPU
		{0F8EB62E-FEF3-4A2A-921B-464AE4D228A6}.Release|Any CPU.Build.0 = Release|Any CPU
	EndGlobalSection
	GlobalSection(SolutionProperties) = preSolution
		HideSolutionNode = FALSE
	EndGlobalSection
	GlobalSection(ExtensibilityGlobals) = postSolution
		SolutionGuid = {E8BA32F3-6E22-4D94-9275-D5A614ABB684}
	EndGlobalSection
EndGlobal
